
Microsoft Visual Studio Solution File, Format Version 12.00
# Visual Studio 15
VisualStudioVersion = 15.0.26730.3
MinimumVisualStudioVersion = 10.0.40219.1
Project("{FAE04EC0-301F-11D3-BF4B-00C04F79EFBC}") = "YouTubeTransportControl.Demo", "YouTubeTransportControl.Demo\YouTubeTransportControl.Demo.csproj", "{37B9BDB3-7A3E-4A2D-BF34-E3846419FE02}"
EndProject
Project("{FAE04EC0-301F-11D3-BF4B-00C04F79EFBC}") = "YouTubeTransportControl", "YouTubeTransportControl\YouTubeTransportControl.csproj", "{8E67C4C6-9C62-4D15-A2E7-996690E30AF7}"
EndProject
Global
	GlobalSection(SolutionConfigurationPlatforms) = preSolution
		Debug|Any CPU = Debug|Any CPU
		Release|Any CPU = Release|Any CPU
	EndGlobalSection
	GlobalSection(ProjectConfigurationPlatforms) = postSolution
		{37B9BDB3-7A3E-4A2D-BF34-E3846419FE02}.Debug|Any CPU.ActiveCfg = Debug|Any CPU
		{37B9BDB3-7A3E-4A2D-BF34-E3846419FE02}.Debug|Any CPU.Build.0 = Debug|Any CPU
		{37B9BDB3-7A3E-4A2D-BF34-E3846419FE02}.Release|Any CPU.ActiveCfg = Release|Any CPU
		{37B9BDB3-7A3E-4A2D-BF34-E3846419FE02}.Release|Any CPU.Build.0 = Release|Any CPU
		{8E67C4C6-9C62-4D15-A2E7-996690E30AF7}.Debug|Any CPU.ActiveCfg = Debug|Any CPU
		{8E67C4C6-9C62-4D15-A2E7-996690E30AF7}.Debug|Any CPU.Build.0 = Debug|Any CPU
		{8E67C4C6-9C62-4D15-A2E7-996690E30AF7}.Release|Any CPU.ActiveCfg = Release|Any CPU
		{8E67C4C6-9C62-4D15-A2E7-996690E30AF7}.Release|Any CPU.Build.0 = Release|Any CPU
	EndGlobalSection
	GlobalSection(SolutionProperties) = preSolution
		HideSolutionNode = FALSE
	EndGlobalSection
	GlobalSection(ExtensibilityGlobals) = postSolution
		SolutionGuid = {C0EEBC38-9973-43F0-8404-552714A5D906}
	EndGlobalSection
EndGlobal
